{
  "name": "ip-address-tracker",
  "lockfileVersion": 2,
  "requires": true,
  "packages": {
    "": {
      "dependencies": {
        "leaflet.locatecontrol": "^0.76.1"
      }
    },
    "node_modules/leaflet.locatecontrol": {
      "version": "0.76.1",
      "resolved": "https://registry.npmjs.org/leaflet.locatecontrol/-/leaflet.locatecontrol-0.76.1.tgz",
      "integrity": "sha512-qA92Mxs2N1jgVx+EdmxtDrdzFD+f2llPJbqaKvmW1epZMSIvD6KNsBjpQYUIxz4XtJkOleqRSwWQcrm5P5NnYw=="
    }
  },
  "dependencies": {
    "leaflet.locatecontrol": {
      "version": "0.76.1",
      "resolved": "https://registry.npmjs.org/leaflet.locatecontrol/-/leaflet.locatecontrol-0.76.1.tgz",
      "integrity": "sha512-qA92Mxs2N1jgVx+EdmxtDrdzFD+f2llPJbqaKvmW1epZMSIvD6KNsBjpQYUIxz4XtJkOleqRSwWQcrm5P5NnYw=="
    }
  }
}
